
Microsoft Visual Studio Solution File, Format Version 12.00
# Visual Studio Version 16
VisualStudioVersion = 16.0.32002.261
MinimumVisualStudioVersion = 10.0.40219.1
Project("{FAE04EC0-301F-11D3-BF4B-00C04F79EFBC}") = "ClientChatApp_091_ElfandiraAdeHidayat", "ClientChatApp_091_ElfandiraAdeHidayat\ClientChatApp_091_ElfandiraAdeHidayat.csproj", "{C64FEE50-B51E-4D61-9BFB-E862EDAA11E3}"
EndProject
Global
	GlobalSection(SolutionConfigurationPlatforms) = preSolution
		Debug|Any CPU = Debug|Any CPU
		Release|Any CPU = Release|Any CPU
	EndGlobalSection
	GlobalSection(ProjectConfigurationPlatforms) = postSolution
		{C64FEE50-B51E-4D61-9BFB-E862EDAA11E3}.Debug|Any CPU.ActiveCfg = Debug|Any CPU
		{C64FEE50-B51E-4D61-9BFB-E862EDAA11E3}.Debug|Any CPU.Build.0 = Debug|Any CPU
		{C64FEE50-B51E-4D61-9BFB-E862EDAA11E3}.Release|Any CPU.ActiveCfg = Release|Any CPU
		{C64FEE50-B51E-4D61-9BFB-E862EDAA11E3}.Release|Any CPU.Build.0 = Release|Any CPU
	EndGlobalSection
	GlobalSection(SolutionProperties) = preSolution
		HideSolutionNode = FALSE
	EndGlobalSection
	GlobalSection(ExtensibilityGlobals) = postSolution
		SolutionGuid = {70F81D18-F820-4AE2-852E-DF1197381169}
	EndGlobalSection
EndGlobal
